// !$*UTF8*$!
{
	archiveVersion = 1;
	classes = {
	};
	objectVersion = 48;
	objects = {

/* Begin PBXBuildFile section */
		124D80EE209F947300AEE067 /* useDatabase.cpp in Sources */ = {isa = PBXBuildFile; fileRef = 124D80ED209F947300AEE067 /* useDatabase.cpp */; };
		124D80F8209F951E00AEE067 /* Book.cpp in Sources */ = {isa = PBXBuildFile; fileRef = 124D80F6209F951E00AEE067 /* Book.cpp */; };
		125B7E8220A3AB5300DAECD8 /* BookDatabase.cpp in Sources */ = {isa = PBXBuildFile; fileRef = 125B7E8120A3AB5300DAECD8 /* BookDatabase.cpp */; };
/* End PBXBuildFile section */

/* Begin PBXCopyFilesBuildPhase section */
		124D80E8209F947300AEE067 /* CopyFiles */ = {
			isa = PBXCopyFilesBuildPhase;
			buildActionMask = 2147483647;
			dstPath = /usr/share/man/man1/;
			dstSubfolderSpec = 0;
			files = (
			);
			runOnlyForDeploymentPostprocessing = 1;
		};
/* End PBXCopyFilesBuildPhase section */

/* Begin PBXFileReference section */
		124D80EA209F947300AEE067 /* Bookhw5 */ = {isa = PBXFileReference; explicitFileType = "compiled.mach-o.executable"; includeInIndex = 0; path = Bookhw5; sourceTree = BUILT_PRODUCTS_DIR; };
		124D80ED209F947300AEE067 /* useDatabase.cpp */ = {isa = PBXFileReference; lastKnownFileType = sourcecode.cpp.cpp; path = useDatabase.cpp; sourceTree = "<group>"; };
		124D80F4209F949A00AEE067 /* Book.h */ = {isa = PBXFileReference; lastKnownFileType = sourcecode.c.h; path = Book.h; sourceTree = "<group>"; };
		124D80F5209F950600AEE067 /* BookDatabase.h */ = {isa = PBXFileReference; lastKnownFileType = sourcecode.c.h; path = BookDatabase.h; sourceTree = "<group>"; };
		124D80F6209F951E00AEE067 /* Book.cpp */ = {isa = PBXFileReference; lastKnownFileType = sourcecode.cpp.cpp; path = Book.cpp; sourceTree = "<group>"; };
		125B7E6A20A0F89E00DAECD8 /* BookList.txt */ = {isa = PBXFileReference; lastKnownFileType = text; path = BookList.txt; sourceTree = "<group>"; };
		125B7E8120A3AB5300DAECD8 /* BookDatabase.cpp */ = {isa = PBXFileReference; lastKnownFileType = sourcecode.cpp.cpp; path = BookDatabase.cpp; sourceTree = "<group>"; };
/* End PBXFileReference section */

/* Begin PBXFrameworksBuildPhase section */
		124D80E7209F947300AEE067 /* Frameworks */ = {
			isa = PBXFrameworksBuildPhase;
			buildActionMask = 2147483647;
			files = (
			);
			runOnlyForDeploymentPostprocessing = 0;
		};
/* End PBXFrameworksBuildPhase section */

/* Begin PBXGroup section */
		124D80E1209F947300AEE067 = {
			isa = PBXGroup;
			children = (
				124D80EC209F947300AEE067 /* Bookhw5 */,
				124D80EB209F947300AEE067 /* Products */,
			);
			sourceTree = "<group>";
		};
		124D80EB209F947300AEE067 /* Products */ = {
			isa = PBXGroup;
			children = (
				124D80EA209F947300AEE067 /* Bookhw5 */,
			);
			name = Products;
			sourceTree = "<group>";
		};
		124D80EC209F947300AEE067 /* Bookhw5 */ = {
			isa = PBXGroup;
			children = (
				124D80ED209F947300AEE067 /* useDatabase.cpp */,
				124D80F5209F950600AEE067 /* BookDatabase.h */,
				125B7E8120A3AB5300DAECD8 /* BookDatabase.cpp */,
				124D80F4209F949A00AEE067 /* Book.h */,
				124D80F6209F951E00AEE067 /* Book.cpp */,
				125B7E6A20A0F89E00DAECD8 /* BookList.txt */,
			);
			path = Bookhw5;
			sourceTree = "<group>";
		};
/* End PBXGroup section */

/* Begin PBXNativeTarget section */
		124D80E9209F947300AEE067 /* Bookhw5 */ = {
			isa = PBXNativeTarget;
			buildConfigurationList = 124D80F1209F947300AEE067 /* Build configuration list for PBXNativeTarget "Bookhw5" */;
			buildPhases = (
				124D80E6209F947300AEE067 /* Sources */,
				124D80E7209F947300AEE067 /* Frameworks */,
				124D80E8209F947300AEE067 /* CopyFiles */,
			);
			buildRules = (
			);
			dependencies = (
			);
			name = Bookhw5;
			productName = Bookhw5;
			productReference = 124D80EA209F947300AEE067 /* Bookhw5 */;
			productType = "com.apple.product-type.tool";
		};
/* End PBXNativeTarget section */

/* Begin PBXProject section */
		124D80E2209F947300AEE067 /* Project object */ = {
			isa = PBXProject;
			attributes = {
				LastUpgradeCheck = 0920;
				ORGANIZATIONNAME = "Wadh Alsabahi";
				TargetAttributes = {
					124D80E9209F947300AEE067 = {
						CreatedOnToolsVersion = 9.2;
						ProvisioningStyle = Automatic;
					};
				};
			};
			buildConfigurationList = 124D80E5209F947300AEE067 /* Build configuration list for PBXProject "Bookhw5" */;
			compatibilityVersion = "Xcode 8.0";
			developmentRegion = en;
			hasScannedForEncodings = 0;
			knownRegions = (
				en,
			);
			mainGroup = 124D80E1209F947300AEE067;
			productRefGroup = 124D80EB209F947300AEE067 /* Products */;
			projectDirPath = "";
			projectRoot = "";
			targets = (
				124D80E9209F947300AEE067 /* Bookhw5 */,
			);
		};
/* End PBXProject section */

/* Begin PBXSourcesBuildPhase section */
		124D80E6209F947300AEE067 /* Sources */ = {
			isa = PBXSourcesBuildPhase;
			buildActionMask = 2147483647;
			files = (
				124D80F8209F951E00AEE067 /* Book.cpp in Sources */,
				124D80EE209F947300AEE067 /* useDatabase.cpp in Sources */,
				125B7E8220A3AB5300DAECD8 /* BookDatabase.cpp in Sources */,
			);
			runOnlyForDeploymentPostprocessing = 0;
		};
/* End PBXSourcesBuildPhase section */

/* Begin XCBuildConfiguration section */
		124D80EF209F947300AEE067 /* Debug */ = {
			isa = XCBuildConfiguration;
			buildSettings = {
				ALWAYS_SEARCH_USER_PATHS = NO;
				CLANG_ANALYZER_NONNULL = YES;
				CLANG_ANALYZER_NUMBER_OBJECT_CONVERSION = YES_AGGRESSIVE;
				CLANG_CXX_LANGUAGE_STANDARD = "gnu++14";
				CLANG_CXX_LIBRARY = "libc++";
				CLANG_ENABLE_MODULES = YES;
				CLANG_ENABLE_OBJC_ARC = YES;
				CLANG_WARN_BLOCK_CAPTURE_AUTORELEASING = YES;
				CLANG_WARN_BOOL_CONVERSION = YES;
				CLANG_WARN_COMMA = YES;
				CLANG_WARN_CONSTANT_CONVERSION = YES;
				CLANG_WARN_DIRECT_OBJC_ISA_USAGE = YES_ERROR;
				CLANG_WARN_DOCUMENTATION_COMMENTS = YES;
				CLANG_WARN_EMPTY_BODY = YES;
				CLANG_WARN_ENUM_CONVERSION = YES;
				CLANG_WARN_INFINITE_RECURSION = YES;
				CLANG_WARN_INT_CONVERSION = YES;
				CLANG_WARN_NON_LITERAL_NULL_CONVERSION = YES;
				CLANG_WARN_OBJC_LITERAL_CONVERSION = YES;
				CLANG_WARN_OBJC_ROOT_CLASS = YES_ERROR;
				CLANG_WARN_RANGE_LOOP_ANALYSIS = YES;
				CLANG_WARN_STRICT_PROTOTYPES = YES;
				CLANG_WARN_SUSPICIOUS_MOVE = YES;
				CLANG_WARN_UNGUARDED_AVAILABILITY = YES_AGGRESSIVE;
				CLANG_WARN_UNREACHABLE_CODE = YES;
				CLANG_WARN__DUPLICATE_METHOD_MATCH = YES;
				CODE_SIGN_IDENTITY = "Mac Developer";
				COPY_PHASE_STRIP = NO;
				DEBUG_INFORMATION_FORMAT = dwarf;
				ENABLE_STRICT_OBJC_MSGSEND = YES;
				ENABLE_TESTABILITY = YES;
				GCC_C_LANGUAGE_STANDARD = gnu11;
				GCC_DYNAMIC_NO_PIC = NO;
				GCC_NO_COMMON_BLOCKS = YES;
				GCC_OPTIMIZATION_LEVEL = 0;
				GCC_PREPROCESSOR_DEFINITIONS = (
					"DEBUG=1",
					"$(inherited)",
				);
				GCC_WARN_64_TO_32_BIT_CONVERSION = YES;
				GCC_WARN_ABOUT_RETURN_TYPE = YES_ERROR;
				GCC_WARN_UNDECLARED_SELECTOR = YES;
				GCC_WARN_UNINITIALIZED_AUTOS = YES_AGGRESSIVE;
				GCC_WARN_UNUSED_FUNCTION = YES;
				GCC_WARN_UNUSED_VARIABLE = YES;
				MACOSX_DEPLOYMENT_TARGET = 10.12;
				MTL_ENABLE_DEBUG_INFO = YES;
				ONLY_ACTIVE_ARCH = YES;
				SDKROOT = macosx;
			};
			name = Debug;
		};
		124D80F0209F947300AEE067 /* Release */ = {
			isa = XCBuildConfiguration;
			buildSettings = {
				ALWAYS_SEARCH_USER_PATHS = NO;
				CLANG_ANALYZER_NONNULL = YES;
				CLANG_ANALYZER_NUMBER_OBJECT_CONVERSION = YES_AGGRESSIVE;
				CLANG_CXX_LANGUAGE_STANDARD = "gnu++14";
				CLANG_CXX_LIBRARY = "libc++";
				CLANG_ENABLE_MODULES = YES;
				CLANG_ENABLE_OBJC_ARC = YES;
				CLANG_WARN_BLOCK_CAPTURE_AUTORELEASING = YES;
				CLANG_WARN_BOOL_CONVERSION = YES;
				CLANG_WARN_COMMA = YES;
				CLANG_WARN_CONSTANT_CONVERSION = YES;
				CLANG_WARN_DIRECT_OBJC_ISA_USAGE = YES_ERROR;
				CLANG_WARN_DOCUMENTATION_COMMENTS = YES;
				CLANG_WARN_EMPTY_BODY = YES;
				CLANG_WARN_ENUM_CONVERSION = YES;
				CLANG_WARN_INFINITE_RECURSION = YES;
				CLANG_WARN_INT_CONVERSION = YES;
				CLANG_WARN_NON_LITERAL_NULL_CONVERSION = YES;
				CLANG_WARN_OBJC_LITERAL_CONVERSION = YES;
				CLANG_WARN_OBJC_ROOT_CLASS = YES_ERROR;
				CLANG_WARN_RANGE_LOOP_ANALYSIS = YES;
				CLANG_WARN_STRICT_PROTOTYPES = YES;
				CLANG_WARN_SUSPICIOUS_MOVE = YES;
				CLANG_WARN_UNGUARDED_AVAILABILITY = YES_AGGRESSIVE;
				CLANG_WARN_UNREACHABLE_CODE = YES;
				CLANG_WARN__DUPLICATE_METHOD_MATCH = YES;
				CODE_SIGN_IDENTITY = "Mac Developer";
				COPY_PHASE_STRIP = NO;
				DEBUG_INFORMATION_FORMAT = "dwarf-with-dsym";
				ENABLE_NS_ASSERTIONS = NO;
				ENABLE_STRICT_OBJC_MSGSEND = YES;
				GCC_C_LANGUAGE_STANDARD = gnu11;
				GCC_NO_COMMON_BLOCKS = YES;
				GCC_WARN_64_TO_32_BIT_CONVERSION = YES;
				GCC_WARN_ABOUT_RETURN_TYPE = YES_ERROR;
				GCC_WARN_UNDECLARED_SELECTOR = YES;
				GCC_WARN_UNINITIALIZED_AUTOS = YES_AGGRESSIVE;
				GCC_WARN_UNUSED_FUNCTION = YES;
				GCC_WARN_UNUSED_VARIABLE = YES;
				MACOSX_DEPLOYMENT_TARGET = 10.12;
				MTL_ENABLE_DEBUG_INFO = NO;
				SDKROOT = macosx;
			};
			name = Release;
		};
		124D80F2209F947300AEE067 /* Debug */ = {
			isa = XCBuildConfiguration;
			buildSettings = {
				CODE_SIGN_STYLE = Automatic;
				DEVELOPMENT_TEAM = 6LG6CF63WJ;
				PRODUCT_NAME = "$(TARGET_NAME)";
			};
			name = Debug;
		};
		124D80F3209F947300AEE067 /* Release */ = {
			isa = XCBuildConfiguration;
			buildSettings = {
				CODE_SIGN_STYLE = Automatic;
				DEVELOPMENT_TEAM = 6LG6CF63WJ;
				PRODUCT_NAME = "$(TARGET_NAME)";
			};
			name = Release;
		};
/* End XCBuildConfiguration section */

/* Begin XCConfigurationList section */
		124D80E5209F947300AEE067 /* Build configuration list for PBXProject "Bookhw5" */ = {
			isa = XCConfigurationList;
			buildConfigurations = (
				124D80EF209F947300AEE067 /* Debug */,
				124D80F0209F947300AEE067 /* Release */,
			);
			defaultConfigurationIsVisible = 0;
			defaultConfigurationName = Release;
		};
		124D80F1209F947300AEE067 /* Build configuration list for PBXNativeTarget "Bookhw5" */ = {
			isa = XCConfigurationList;
			buildConfigurations = (
				124D80F2209F947300AEE067 /* Debug */,
				124D80F3209F947300AEE067 /* Release */,
			);
			defaultConfigurationIsVisible = 0;
			defaultConfigurationName = Release;
		};
/* End XCConfigurationList section */
	};
	rootObject = 124D80E2209F947300AEE067 /* Project object */;
}
